github.com/gorilla/websocket v1.4.2 h1:+/TMaTYc4QFitKJxsQ7Yye35DkWvkdLcvGKqM+x0Ufc=
github.com/gorilla/websocket v1.4.2/go.mod h1:YR8l580nyteQvAITg2hZ9XVh4b55+EU/adAjf1fMHhE=
github.com/kasworld/actpersec v0.0.0-20191019021204-8c24cd60715c h1:eaKT+Mq6Mc5Ie/vAuOEH1b51WT+shXR8UwPB0o3vSqY=
github.com/kasworld/actpersec v0.0.0-20191019021204-8c24cd60715c/go.mod h1:feAtWeQK1BwPjaiZD2tkylKXGuajBPkAk5qUXdnUB3E=
github.com/kasworld/argdefault v0.0.0-20200515031517-5b81c2684ab9 h1:5TX07THf64bueIFsM7sZ2Zxe0lGooCzcd3LMqzauiAY=
github.com/kasworld/argdefault v0.0.0-20200515031517-5b81c2684ab9/go.mod h1:GISgpfLtciOKoTYpA2jfBWsKu6yfL/E2RrLlREkEuyk=
github.com/kasworld/multirun v0.0.0-20191216055936-decb66787001 h1:imgS0/ZOfcButbzdj8LMGxUx0vh4l3qkroqsnlJ4CDw=
github.com/kasworld/multirun v0.0.0-20191216055936-decb66787001/go.mod h1:zTS5cwoXKZuFAhJMs/cIMZYC8HRK0awy9q4R6kjWl50=
github.com/kasworld/prettystring v0.0.0-20200313054137-8305061037e7 h1:c0l48LIAZdh0DCIlj28W/12ko6bcW+Ye+Fb0bWpH/BU=
github.com/kasworld/prettystring v0.0.0-20200313054137-8305061037e7/go.mod h1:49hU/4Tzyzz8E4oIo6hZtjqO9LaM1LgXOvY+VG1EWtI=
github.com/kasworld/rangestat v0.0.0-20190508031937-d4380fb43f7a h1:2C0tc01SY9C4W7fZj9G7kETkQC6coqb+j1bzEq4UxgI=
github.com/kasworld/rangestat v0.0.0-20190508031937-d4380fb43f7a/go.mod h1:h6K7dvA2STMPa7uqgf43kf+0Ah1mWoGihRHVXGVbV18=
github.com/kasworld/weblib v0.0.0-20200408024824-4b4f01a6be3f h1:pTcno+UXDRvgWqXyqzLiXbMaAUxGFR0AMPh3KTjbsfM=
github.com/kasworld/weblib v0.0.0-20200408024824-4b4f01a6be3f/go.mod h1:uzuYzY532n+RaDXT9fT5v5vzHxQfRtdVxTo3n3PfW6U=
